// !$*UTF8*$!
{
	archiveVersion = 1;
	classes = {
	};
	objectVersion = 55;
	objects = {

/* Begin PBXBuildFile section */
		68501B4027E8BA96005AE7A9 /* ShiftLibrary.docc in Sources */ = {isa = PBXBuildFile; fileRef = 68501B3F27E8BA96005AE7A9 /* ShiftLibrary.docc */; };
		68501B4627E8BA96005AE7A9 /* ShiftLibrary.framework in Frameworks */ = {isa = PBXBuildFile; fileRef = 68501B3B27E8BA96005AE7A9 /* ShiftLibrary.framework */; };
		68501B4B27E8BA96005AE7A9 /* ShiftLibraryTests.swift in Sources */ = {isa = PBXBuildFile; fileRef = 68501B4A27E8BA96005AE7A9 /* ShiftLibraryTests.swift */; };
		68501B4C27E8BA96005AE7A9 /* ShiftLibrary.h in Headers */ = {isa = PBXBuildFile; fileRef = 68501B3E27E8BA96005AE7A9 /* ShiftLibrary.h */; settings = {ATTRIBUTES = (Public, ); }; };
		68501B5D27E8BB42005AE7A9 /* AppDelegate.swift in Sources */ = {isa = PBXBuildFile; fileRef = 68501B5C27E8BB42005AE7A9 /* AppDelegate.swift */; };
		68501B5F27E8BB42005AE7A9 /* SceneDelegate.swift in Sources */ = {isa = PBXBuildFile; fileRef = 68501B5E27E8BB42005AE7A9 /* SceneDelegate.swift */; };
		68501B6127E8BB42005AE7A9 /* ViewController.swift in Sources */ = {isa = PBXBuildFile; fileRef = 68501B6027E8BB42005AE7A9 /* ViewController.swift */; };
		68501B6427E8BB42005AE7A9 /* Main.storyboard in Resources */ = {isa = PBXBuildFile; fileRef = 68501B6227E8BB42005AE7A9 /* Main.storyboard */; };
		68501B6627E8BB44005AE7A9 /* Assets.xcassets in Resources */ = {isa = PBXBuildFile; fileRef = 68501B6527E8BB44005AE7A9 /* Assets.xcassets */; };
		68501B6927E8BB44005AE7A9 /* LaunchScreen.storyboard in Resources */ = {isa = PBXBuildFile; fileRef = 68501B6727E8BB44005AE7A9 /* LaunchScreen.storyboard */; };
		68501B7427E8BB44005AE7A9 /* ShiftLibraryExampleTests.swift in Sources */ = {isa = PBXBuildFile; fileRef = 68501B7327E8BB44005AE7A9 /* ShiftLibraryExampleTests.swift */; };
		68501B7E27E8BB44005AE7A9 /* ShiftLibraryExampleUITests.swift in Sources */ = {isa = PBXBuildFile; fileRef = 68501B7D27E8BB44005AE7A9 /* ShiftLibraryExampleUITests.swift */; };
		68501B8027E8BB44005AE7A9 /* ShiftLibraryExampleUITestsLaunchTests.swift in Sources */ = {isa = PBXBuildFile; fileRef = 68501B7F27E8BB44005AE7A9 /* ShiftLibraryExampleUITestsLaunchTests.swift */; };
/* End PBXBuildFile section */

/* Begin PBXContainerItemProxy section */
		68501B4727E8BA96005AE7A9 /* PBXContainerItemProxy */ = {
			isa = PBXContainerItemProxy;
			containerPortal = 68501B3227E8BA96005AE7A9 /* Project object */;
			proxyType = 1;
			remoteGlobalIDString = 68501B3A27E8BA96005AE7A9;
			remoteInfo = ShiftLibrary;
		};
		68501B7027E8BB44005AE7A9 /* PBXContainerItemProxy */ = {
			isa = PBXContainerItemProxy;
			containerPortal = 68501B3227E8BA96005AE7A9 /* Project object */;
			proxyType = 1;
			remoteGlobalIDString = 68501B5927E8BB42005AE7A9;
			remoteInfo = ShiftLibraryExample;
		};
		68501B7A27E8BB44005AE7A9 /* PBXContainerItemProxy */ = {
			isa = PBXContainerItemProxy;
			containerPortal = 68501B3227E8BA96005AE7A9 /* Project object */;
			proxyType = 1;
			remoteGlobalIDString = 68501B5927E8BB42005AE7A9;
			remoteInfo = ShiftLibraryExample;
		};
/* End PBXContainerItemProxy section */

/* Begin PBXFileReference section */
		68501B3B27E8BA96005AE7A9 /* ShiftLibrary.framework */ = {isa = PBXFileReference; explicitFileType = wrapper.framework; includeInIndex = 0; path = ShiftLibrary.framework; sourceTree = BUILT_PRODUCTS_DIR; };
		68501B3E27E8BA96005AE7A9 /* ShiftLibrary.h */ = {isa = PBXFileReference; lastKnownFileType = sourcecode.c.h; path = ShiftLibrary.h; sourceTree = "<group>"; };
		68501B3F27E8BA96005AE7A9 /* ShiftLibrary.docc */ = {isa = PBXFileReference; lastKnownFileType = folder.documentationcatalog; path = ShiftLibrary.docc; sourceTree = "<group>"; };
		68501B4527E8BA96005AE7A9 /* ShiftLibraryTests.xctest */ = {isa = PBXFileReference; explicitFileType = wrapper.cfbundle; includeInIndex = 0; path = ShiftLibraryTests.xctest; sourceTree = BUILT_PRODUCTS_DIR; };
		68501B4A27E8BA96005AE7A9 /* ShiftLibraryTests.swift */ = {isa = PBXFileReference; lastKnownFileType = sourcecode.swift; path = ShiftLibraryTests.swift; sourceTree = "<group>"; };
		68501B5A27E8BB42005AE7A9 /* ShiftLibraryExample.app */ = {isa = PBXFileReference; explicitFileType = wrapper.application; includeInIndex = 0; path = ShiftLibraryExample.app; sourceTree = BUILT_PRODUCTS_DIR; };
		68501B5C27E8BB42005AE7A9 /* AppDelegate.swift */ = {isa = PBXFileReference; lastKnownFileType = sourcecode.swift; path = AppDelegate.swift; sourceTree = "<group>"; };
		68501B5E27E8BB42005AE7A9 /* SceneDelegate.swift */ = {isa = PBXFileReference; lastKnownFileType = sourcecode.swift; path = SceneDelegate.swift; sourceTree = "<group>"; };
		68501B6027E8BB42005AE7A9 /* ViewController.swift */ = {isa = PBXFileReference; lastKnownFileType = sourcecode.swift; path = ViewController.swift; sourceTree = "<group>"; };
		68501B6327E8BB42005AE7A9 /* Base */ = {isa = PBXFileReference; lastKnownFileType = file.storyboard; name = Base; path = Base.lproj/Main.storyboard; sourceTree = "<group>"; };
		68501B6527E8BB44005AE7A9 /* Assets.xcassets */ = {isa = PBXFileReference; lastKnownFileType = folder.assetcatalog; path = Assets.xcassets; sourceTree = "<group>"; };
		68501B6827E8BB44005AE7A9 /* Base */ = {isa = PBXFileReference; lastKnownFileType = file.storyboard; name = Base; path = Base.lproj/LaunchScreen.storyboard; sourceTree = "<group>"; };
		68501B6A27E8BB44005AE7A9 /* Info.plist */ = {isa = PBXFileReference; lastKnownFileType = text.plist.xml; path = Info.plist; sourceTree = "<group>"; };
		68501B6F27E8BB44005AE7A9 /* ShiftLibraryExampleTests.xctest */ = {isa = PBXFileReference; explicitFileType = wrapper.cfbundle; includeInIndex = 0; path = ShiftLibraryExampleTests.xctest; sourceTree = BUILT_PRODUCTS_DIR; };
		68501B7327E8BB44005AE7A9 /* ShiftLibraryExampleTests.swift */ = {isa = PBXFileReference; lastKnownFileType = sourcecode.swift; path = ShiftLibraryExampleTests.swift; sourceTree = "<group>"; };
		68501B7927E8BB44005AE7A9 /* ShiftLibraryExampleUITests.xctest */ = {isa = PBXFileReference; explicitFileType = wrapper.cfbundle; includeInIndex = 0; path = ShiftLibraryExampleUITests.xctest; sourceTree = BUILT_PRODUCTS_DIR; };
		68501B7D27E8BB44005AE7A9 /* ShiftLibraryExampleUITests.swift */ = {isa = PBXFileReference; lastKnownFileType = sourcecode.swift; path = ShiftLibraryExampleUITests.swift; sourceTree = "<group>"; };
		68501B7F27E8BB44005AE7A9 /* ShiftLibraryExampleUITestsLaunchTests.swift */ = {isa = PBXFileReference; lastKnownFileType = sourcecode.swift; path = ShiftLibraryExampleUITestsLaunchTests.swift; sourceTree = "<group>"; };
/* End PBXFileReference section */

/* Begin PBXFrameworksBuildPhase section */
		68501B3827E8BA96005AE7A9 /* Frameworks */ = {
			isa = PBXFrameworksBuildPhase;
			buildActionMask = 2147483647;
			files = (
			);
			runOnlyForDeploymentPostprocessing = 0;
		};
		68501B4227E8BA96005AE7A9 /* Frameworks */ = {
			isa = PBXFrameworksBuildPhase;
			buildActionMask = 2147483647;
			files = (
				68501B4627E8BA96005AE7A9 /* ShiftLibrary.framework in Frameworks */,
			);
			runOnlyForDeploymentPostprocessing = 0;
		};
		68501B5727E8BB42005AE7A9 /* Frameworks */ = {
			isa = PBXFrameworksBuildPhase;
			buildActionMask = 2147483647;
			files = (
			);
			runOnlyForDeploymentPostprocessing = 0;
		};
		68501B6C27E8BB44005AE7A9 /* Frameworks */ = {
			isa = PBXFrameworksBuildPhase;
			buildActionMask = 2147483647;
			files = (
			);
			runOnlyForDeploymentPostprocessing = 0;
		};
		68501B7627E8BB44005AE7A9 /* Frameworks */ = {
			isa = PBXFrameworksBuildPhase;
			buildActionMask = 2147483647;
			files = (
			);
			runOnlyForDeploymentPostprocessing = 0;
		};
/* End PBXFrameworksBuildPhase section */

/* Begin PBXGroup section */
		68501B3127E8BA96005AE7A9 = {
			isa = PBXGroup;
			children = (
				68501B5527E8BAC8005AE7A9 /* Example */,
				68501B3D27E8BA96005AE7A9 /* ShiftLibrary */,
				68501B4927E8BA96005AE7A9 /* ShiftLibraryTests */,
				68501B5B27E8BB42005AE7A9 /* ShiftLibraryExample */,
				68501B7227E8BB44005AE7A9 /* ShiftLibraryExampleTests */,
				68501B7C27E8BB44005AE7A9 /* ShiftLibraryExampleUITests */,
				68501B3C27E8BA96005AE7A9 /* Products */,
			);
			sourceTree = "<group>";
		};
		68501B3C27E8BA96005AE7A9 /* Products */ = {
			isa = PBXGroup;
			children = (
				68501B3B27E8BA96005AE7A9 /* ShiftLibrary.framework */,
				68501B4527E8BA96005AE7A9 /* ShiftLibraryTests.xctest */,
				68501B5A27E8BB42005AE7A9 /* ShiftLibraryExample.app */,
				68501B6F27E8BB44005AE7A9 /* ShiftLibraryExampleTests.xctest */,
				68501B7927E8BB44005AE7A9 /* ShiftLibraryExampleUITests.xctest */,
			);
			name = Products;
			sourceTree = "<group>";
		};
		68501B3D27E8BA96005AE7A9 /* ShiftLibrary */ = {
			isa = PBXGroup;
			children = (
				68501B3E27E8BA96005AE7A9 /* ShiftLibrary.h */,
				68501B3F27E8BA96005AE7A9 /* ShiftLibrary.docc */,
			);
			path = ShiftLibrary;
			sourceTree = "<group>";
		};
		68501B4927E8BA96005AE7A9 /* ShiftLibraryTests */ = {
			isa = PBXGroup;
			children = (
				68501B4A27E8BA96005AE7A9 /* ShiftLibraryTests.swift */,
			);
			path = ShiftLibraryTests;
			sourceTree = "<group>";
		};
		68501B5527E8BAC8005AE7A9 /* Example */ = {
			isa = PBXGroup;
			children = (
			);
			path = Example;
			sourceTree = "<group>";
		};
		68501B5B27E8BB42005AE7A9 /* ShiftLibraryExample */ = {
			isa = PBXGroup;
			children = (
				68501B5C27E8BB42005AE7A9 /* AppDelegate.swift */,
				68501B5E27E8BB42005AE7A9 /* SceneDelegate.swift */,
				68501B6027E8BB42005AE7A9 /* ViewController.swift */,
				68501B6227E8BB42005AE7A9 /* Main.storyboard */,
				68501B6527E8BB44005AE7A9 /* Assets.xcassets */,
				68501B6727E8BB44005AE7A9 /* LaunchScreen.storyboard */,
				68501B6A27E8BB44005AE7A9 /* Info.plist */,
			);
			path = ShiftLibraryExample;
			sourceTree = "<group>";
		};
		68501B7227E8BB44005AE7A9 /* ShiftLibraryExampleTests */ = {
			isa = PBXGroup;
			children = (
				68501B7327E8BB44005AE7A9 /* ShiftLibraryExampleTests.swift */,
			);
			path = ShiftLibraryExampleTests;
			sourceTree = "<group>";
		};
		68501B7C27E8BB44005AE7A9 /* ShiftLibraryExampleUITests */ = {
			isa = PBXGroup;
			children = (
				68501B7D27E8BB44005AE7A9 /* ShiftLibraryExampleUITests.swift */,
				68501B7F27E8BB44005AE7A9 /* ShiftLibraryExampleUITestsLaunchTests.swift */,
			);
			path = ShiftLibraryExampleUITests;
			sourceTree = "<group>";
		};
/* End PBXGroup section */

/* Begin PBXHeadersBuildPhase section */
		68501B3627E8BA96005AE7A9 /* Headers */ = {
			isa = PBXHeadersBuildPhase;
			buildActionMask = 2147483647;
			files = (
				68501B4C27E8BA96005AE7A9 /* ShiftLibrary.h in Headers */,
			);
			runOnlyForDeploymentPostprocessing = 0;
		};
/* End PBXHeadersBuildPhase section */

/* Begin PBXNativeTarget section */
		68501B3A27E8BA96005AE7A9 /* ShiftLibrary */ = {
			isa = PBXNativeTarget;
			buildConfigurationList = 68501B4F27E8BA97005AE7A9 /* Build configuration list for PBXNativeTarget "ShiftLibrary" */;
			buildPhases = (
				68501B3627E8BA96005AE7A9 /* Headers */,
				68501B3727E8BA96005AE7A9 /* Sources */,
				68501B3827E8BA96005AE7A9 /* Frameworks */,
				68501B3927E8BA96005AE7A9 /* Resources */,
			);
			buildRules = (
			);
			dependencies = (
			);
			name = ShiftLibrary;
			productName = ShiftLibrary;
			productReference = 68501B3B27E8BA96005AE7A9 /* ShiftLibrary.framework */;
			productType = "com.apple.product-type.framework";
		};
		68501B4427E8BA96005AE7A9 /* ShiftLibraryTests */ = {
			isa = PBXNativeTarget;
			buildConfigurationList = 68501B5227E8BA97005AE7A9 /* Build configuration list for PBXNativeTarget "ShiftLibraryTests" */;
			buildPhases = (
				68501B4127E8BA96005AE7A9 /* Sources */,
				68501B4227E8BA96005AE7A9 /* Frameworks */,
				68501B4327E8BA96005AE7A9 /* Resources */,
			);
			buildRules = (
			);
			dependencies = (
				68501B4827E8BA96005AE7A9 /* PBXTargetDependency */,
			);
			name = ShiftLibraryTests;
			productName = ShiftLibraryTests;
			productReference = 68501B4527E8BA96005AE7A9 /* ShiftLibraryTests.xctest */;
			productType = "com.apple.product-type.bundle.unit-test";
		};
		68501B5927E8BB42005AE7A9 /* ShiftLibraryExample */ = {
			isa = PBXNativeTarget;
			buildConfigurationList = 68501B8127E8BB44005AE7A9 /* Build configuration list for PBXNativeTarget "ShiftLibraryExample" */;
			buildPhases = (
				68501B5627E8BB42005AE7A9 /* Sources */,
				68501B5727E8BB42005AE7A9 /* Frameworks */,
				68501B5827E8BB42005AE7A9 /* Resources */,
			);
			buildRules = (
			);
			dependencies = (
			);
			name = ShiftLibraryExample;
			productName = ShiftLibraryExample;
			productReference = 68501B5A27E8BB42005AE7A9 /* ShiftLibraryExample.app */;
			productType = "com.apple.product-type.application";
		};
		68501B6E27E8BB44005AE7A9 /* ShiftLibraryExampleTests */ = {
			isa = PBXNativeTarget;
			buildConfigurationList = 68501B8427E8BB44005AE7A9 /* Build configuration list for PBXNativeTarget "ShiftLibraryExampleTests" */;
			buildPhases = (
				68501B6B27E8BB44005AE7A9 /* Sources */,
				68501B6C27E8BB44005AE7A9 /* Frameworks */,
				68501B6D27E8BB44005AE7A9 /* Resources */,
			);
			buildRules = (
			);
			dependencies = (
				68501B7127E8BB44005AE7A9 /* PBXTargetDependency */,
			);
			name = ShiftLibraryExampleTests;
			productName = ShiftLibraryExampleTests;
			productReference = 68501B6F27E8BB44005AE7A9 /* ShiftLibraryExampleTests.xctest */;
			productType = "com.apple.product-type.bundle.unit-test";
		};
		68501B7827E8BB44005AE7A9 /* ShiftLibraryExampleUITests */ = {
			isa = PBXNativeTarget;
			buildConfigurationList = 68501B8727E8BB44005AE7A9 /* Build configuration list for PBXNativeTarget "ShiftLibraryExampleUITests" */;
			buildPhases = (
				68501B7527E8BB44005AE7A9 /* Sources */,
				68501B7627E8BB44005AE7A9 /* Frameworks */,
				68501B7727E8BB44005AE7A9 /* Resources */,
			);
			buildRules = (
			);
			dependencies = (
				68501B7B27E8BB44005AE7A9 /* PBXTargetDependency */,
			);
			name = ShiftLibraryExampleUITests;
			productName = ShiftLibraryExampleUITests;
			productReference = 68501B7927E8BB44005AE7A9 /* ShiftLibraryExampleUITests.xctest */;
			productType = "com.apple.product-type.bundle.ui-testing";
		};
/* End PBXNativeTarget section */

/* Begin PBXProject section */
		68501B3227E8BA96005AE7A9 /* Project object */ = {
			isa = PBXProject;
			attributes = {
				BuildIndependentTargetsInParallel = 1;
				LastSwiftUpdateCheck = 1300;
				LastUpgradeCheck = 1300;
				TargetAttributes = {
					68501B3A27E8BA96005AE7A9 = {
						CreatedOnToolsVersion = 13.0;
					};
					68501B4427E8BA96005AE7A9 = {
						CreatedOnToolsVersion = 13.0;
					};
					68501B5927E8BB42005AE7A9 = {
						CreatedOnToolsVersion = 13.0;
					};
					68501B6E27E8BB44005AE7A9 = {
						CreatedOnToolsVersion = 13.0;
						TestTargetID = 68501B5927E8BB42005AE7A9;
					};
					68501B7827E8BB44005AE7A9 = {
						CreatedOnToolsVersion = 13.0;
						TestTargetID = 68501B5927E8BB42005AE7A9;
					};
				};
			};
			buildConfigurationList = 68501B3527E8BA96005AE7A9 /* Build configuration list for PBXProject "ShiftLibrary" */;
			compatibilityVersion = "Xcode 13.0";
			developmentRegion = en;
			hasScannedForEncodings = 0;
			knownRegions = (
				en,
				Base,
			);
			mainGroup = 68501B3127E8BA96005AE7A9;
			productRefGroup = 68501B3C27E8BA96005AE7A9 /* Products */;
			projectDirPath = "";
			projectRoot = "";
			targets = (
				68501B3A27E8BA96005AE7A9 /* ShiftLibrary */,
				68501B4427E8BA96005AE7A9 /* ShiftLibraryTests */,
				68501B5927E8BB42005AE7A9 /* ShiftLibraryExample */,
				68501B6E27E8BB44005AE7A9 /* ShiftLibraryExampleTests */,
				68501B7827E8BB44005AE7A9 /* ShiftLibraryExampleUITests */,
			);
		};
/* End PBXProject section */

/* Begin PBXResourcesBuildPhase section */
		68501B3927E8BA96005AE7A9 /* Resources */ = {
			isa = PBXResourcesBuildPhase;
			buildActionMask = 2147483647;
			files = (
			);
			runOnlyForDeploymentPostprocessing = 0;
		};
		68501B4327E8BA96005AE7A9 /* Resources */ = {
			isa = PBXResourcesBuildPhase;
			buildActionMask = 2147483647;
			files = (
			);
			runOnlyForDeploymentPostprocessing = 0;
		};
		68501B5827E8BB42005AE7A9 /* Resources */ = {
			isa = PBXResourcesBuildPhase;
			buildActionMask = 2147483647;
			files = (
				68501B6927E8BB44005AE7A9 /* LaunchScreen.storyboard in Resources */,
				68501B6627E8BB44005AE7A9 /* Assets.xcassets in Resources */,
				68501B6427E8BB42005AE7A9 /* Main.storyboard in Resources */,
			);
			runOnlyForDeploymentPostprocessing = 0;
		};
		68501B6D27E8BB44005AE7A9 /* Resources */ = {
			isa = PBXResourcesBuildPhase;
			buildActionMask = 2147483647;
			files = (
			);
			runOnlyForDeploymentPostprocessing = 0;
		};
		68501B7727E8BB44005AE7A9 /* Resources */ = {
			isa = PBXResourcesBuildPhase;
			buildActionMask = 2147483647;
			files = (
			);
			runOnlyForDeploymentPostprocessing = 0;
		};
/* End PBXResourcesBuildPhase section */

/* Begin PBXSourcesBuildPhase section */
		68501B3727E8BA96005AE7A9 /* Sources */ = {
			isa = PBXSourcesBuildPhase;
			buildActionMask = 2147483647;
			files = (
				68501B4027E8BA96005AE7A9 /* ShiftLibrary.docc in Sources */,
			);
			runOnlyForDeploymentPostprocessing = 0;
		};
		68501B4127E8BA96005AE7A9 /* Sources */ = {
			isa = PBXSourcesBuildPhase;
			buildActionMask = 2147483647;
			files = (
				68501B4B27E8BA96005AE7A9 /* ShiftLibraryTests.swift in Sources */,
			);
			runOnlyForDeploymentPostprocessing = 0;
		};
		68501B5627E8BB42005AE7A9 /* Sources */ = {
			isa = PBXSourcesBuildPhase;
			buildActionMask = 2147483647;
			files = (
				68501B6127E8BB42005AE7A9 /* ViewController.swift in Sources */,
				68501B5D27E8BB42005AE7A9 /* AppDelegate.swift in Sources */,
				68501B5F27E8BB42005AE7A9 /* SceneDelegate.swift in Sources */,
			);
			runOnlyForDeploymentPostprocessing = 0;
		};
		68501B6B27E8BB44005AE7A9 /* Sources */ = {
			isa = PBXSourcesBuildPhase;
			buildActionMask = 2147483647;
			files = (
				68501B7427E8BB44005AE7A9 /* ShiftLibraryExampleTests.swift in Sources */,
			);
			runOnlyForDeploymentPostprocessing = 0;
		};
		68501B7527E8BB44005AE7A9 /* Sources */ = {
			isa = PBXSourcesBuildPhase;
			buildActionMask = 2147483647;
			files = (
				68501B8027E8BB44005AE7A9 /* ShiftLibraryExampleUITestsLaunchTests.swift in Sources */,
				68501B7E27E8BB44005AE7A9 /* ShiftLibraryExampleUITests.swift in Sources */,
			);
			runOnlyForDeploymentPostprocessing = 0;
		};
/* End PBXSourcesBuildPhase section */

/* Begin PBXTargetDependency section */
		68501B4827E8BA96005AE7A9 /* PBXTargetDependency */ = {
			isa = PBXTargetDependency;
			target = 68501B3A27E8BA96005AE7A9 /* ShiftLibrary */;
			targetProxy = 68501B4727E8BA96005AE7A9 /* PBXContainerItemProxy */;
		};
		68501B7127E8BB44005AE7A9 /* PBXTargetDependency */ = {
			isa = PBXTargetDependency;
			target = 68501B5927E8BB42005AE7A9 /* ShiftLibraryExample */;
			targetProxy = 68501B7027E8BB44005AE7A9 /* PBXContainerItemProxy */;
		};
		68501B7B27E8BB44005AE7A9 /* PBXTargetDependency */ = {
			isa = PBXTargetDependency;
			target = 68501B5927E8BB42005AE7A9 /* ShiftLibraryExample */;
			targetProxy = 68501B7A27E8BB44005AE7A9 /* PBXContainerItemProxy */;
		};
/* End PBXTargetDependency section */

/* Begin PBXVariantGroup section */
		68501B6227E8BB42005AE7A9 /* Main.storyboard */ = {
			isa = PBXVariantGroup;
			children = (
				68501B6327E8BB42005AE7A9 /* Base */,
			);
			name = Main.storyboard;
			sourceTree = "<group>";
		};
		68501B6727E8BB44005AE7A9 /* LaunchScreen.storyboard */ = {
			isa = PBXVariantGroup;
			children = (
				68501B6827E8BB44005AE7A9 /* Base */,
			);
			name = LaunchScreen.storyboard;
			sourceTree = "<group>";
		};
/* End PBXVariantGroup section */

/* Begin XCBuildConfiguration section */
		68501B4D27E8BA97005AE7A9 /* Debug */ = {
			isa = XCBuildConfiguration;
			buildSettings = {
				ALWAYS_SEARCH_USER_PATHS = NO;
				CLANG_ANALYZER_NONNULL = YES;
				CLANG_ANALYZER_NUMBER_OBJECT_CONVERSION = YES_AGGRESSIVE;
				CLANG_CXX_LANGUAGE_STANDARD = "gnu++17";
				CLANG_CXX_LIBRARY = "libc++";
				CLANG_ENABLE_MODULES = YES;
				CLANG_ENABLE_OBJC_ARC = YES;
				CLANG_ENABLE_OBJC_WEAK = YES;
				CLANG_WARN_BLOCK_CAPTURE_AUTORELEASING = YES;
				CLANG_WARN_BOOL_CONVERSION = YES;
				CLANG_WARN_COMMA = YES;
				CLANG_WARN_CONSTANT_CONVERSION = YES;
				CLANG_WARN_DEPRECATED_OBJC_IMPLEMENTATIONS = YES;
				CLANG_WARN_DIRECT_OBJC_ISA_USAGE = YES_ERROR;
				CLANG_WARN_DOCUMENTATION_COMMENTS = YES;
				CLANG_WARN_EMPTY_BODY = YES;
				CLANG_WARN_ENUM_CONVERSION = YES;
				CLANG_WARN_INFINITE_RECURSION = YES;
				CLANG_WARN_INT_CONVERSION = YES;
				CLANG_WARN_NON_LITERAL_NULL_CONVERSION = YES;
				CLANG_WARN_OBJC_IMPLICIT_RETAIN_SELF = YES;
				CLANG_WARN_OBJC_LITERAL_CONVERSION = YES;
				CLANG_WARN_OBJC_ROOT_CLASS = YES_ERROR;
				CLANG_WARN_QUOTED_INCLUDE_IN_FRAMEWORK_HEADER = YES;
				CLANG_WARN_RANGE_LOOP_ANALYSIS = YES;
				CLANG_WARN_STRICT_PROTOTYPES = YES;
				CLANG_WARN_SUSPICIOUS_MOVE = YES;
				CLANG_WARN_UNGUARDED_AVAILABILITY = YES_AGGRESSIVE;
				CLANG_WARN_UNREACHABLE_CODE = YES;
				CLANG_WARN__DUPLICATE_METHOD_MATCH = YES;
				COPY_PHASE_STRIP = NO;
				CURRENT_PROJECT_VERSION = 1;
				DEBUG_INFORMATION_FORMAT = dwarf;
				ENABLE_STRICT_OBJC_MSGSEND = YES;
				ENABLE_TESTABILITY = YES;
				GCC_C_LANGUAGE_STANDARD = gnu11;
				GCC_DYNAMIC_NO_PIC = NO;
				GCC_NO_COMMON_BLOCKS = YES;
				GCC_OPTIMIZATION_LEVEL = 0;
				GCC_PREPROCESSOR_DEFINITIONS = (
					"DEBUG=1",
					"$(inherited)",
				);
				GCC_WARN_64_TO_32_BIT_CONVERSION = YES;
				GCC_WARN_ABOUT_RETURN_TYPE = YES_ERROR;
				GCC_WARN_UNDECLARED_SELECTOR = YES;
				GCC_WARN_UNINITIALIZED_AUTOS = YES_AGGRESSIVE;
				GCC_WARN_UNUSED_FUNCTION = YES;
				GCC_WARN_UNUSED_VARIABLE = YES;
				IPHONEOS_DEPLOYMENT_TARGET = 15.0;
				MTL_ENABLE_DEBUG_INFO = INCLUDE_SOURCE;
				MTL_FAST_MATH = YES;
				ONLY_ACTIVE_ARCH = YES;
				SDKROOT = iphoneos;
				SWIFT_ACTIVE_COMPILATION_CONDITIONS = DEBUG;
				SWIFT_OPTIMIZATION_LEVEL = "-Onone";
				VERSIONING_SYSTEM = "apple-generic";
				VERSION_INFO_PREFIX = "";
			};
			name = Debug;
		};
		68501B4E27E8BA97005AE7A9 /* Release */ = {
			isa = XCBuildConfiguration;
			buildSettings = {
				ALWAYS_SEARCH_USER_PATHS = NO;
				CLANG_ANALYZER_NONNULL = YES;
				CLANG_ANALYZER_NUMBER_OBJECT_CONVERSION = YES_AGGRESSIVE;
				CLANG_CXX_LANGUAGE_STANDARD = "gnu++17";
				CLANG_CXX_LIBRARY = "libc++";
				CLANG_ENABLE_MODULES = YES;
				CLANG_ENABLE_OBJC_ARC = YES;
				CLANG_ENABLE_OBJC_WEAK = YES;
				CLANG_WARN_BLOCK_CAPTURE_AUTORELEASING = YES;
				CLANG_WARN_BOOL_CONVERSION = YES;
				CLANG_WARN_COMMA = YES;
				CLANG_WARN_CONSTANT_CONVERSION = YES;
				CLANG_WARN_DEPRECATED_OBJC_IMPLEMENTATIONS = YES;
				CLANG_WARN_DIRECT_OBJC_ISA_USAGE = YES_ERROR;
				CLANG_WARN_DOCUMENTATION_COMMENTS = YES;
				CLANG_WARN_EMPTY_BODY = YES;
				CLANG_WARN_ENUM_CONVERSION = YES;
				CLANG_WARN_INFINITE_RECURSION = YES;
				CLANG_WARN_INT_CONVERSION = YES;
				CLANG_WARN_NON_LITERAL_NULL_CONVERSION = YES;
				CLANG_WARN_OBJC_IMPLICIT_RETAIN_SELF = YES;
				CLANG_WARN_OBJC_LITERAL_CONVERSION = YES;
				CLANG_WARN_OBJC_ROOT_CLASS = YES_ERROR;
				CLANG_WARN_QUOTED_INCLUDE_IN_FRAMEWORK_HEADER = YES;
				CLANG_WARN_RANGE_LOOP_ANALYSIS = YES;
				CLANG_WARN_STRICT_PROTOTYPES = YES;
				CLANG_WARN_SUSPICIOUS_MOVE = YES;
				CLANG_WARN_UNGUARDED_AVAILABILITY = YES_AGGRESSIVE;
				CLANG_WARN_UNREACHABLE_CODE = YES;
				CLANG_WARN__DUPLICATE_METHOD_MATCH = YES;
				COPY_PHASE_STRIP = NO;
				CURRENT_PROJECT_VERSION = 1;
				DEBUG_INFORMATION_FORMAT = "dwarf-with-dsym";
				ENABLE_NS_ASSERTIONS = NO;
				ENABLE_STRICT_OBJC_MSGSEND = YES;
				GCC_C_LANGUAGE_STANDARD = gnu11;
				GCC_NO_COMMON_BLOCKS = YES;
				GCC_WARN_64_TO_32_BIT_CONVERSION = YES;
				GCC_WARN_ABOUT_RETURN_TYPE = YES_ERROR;
				GCC_WARN_UNDECLARED_SELECTOR = YES;
				GCC_WARN_UNINITIALIZED_AUTOS = YES_AGGRESSIVE;
				GCC_WARN_UNUSED_FUNCTION = YES;
				GCC_WARN_UNUSED_VARIABLE = YES;
				IPHONEOS_DEPLOYMENT_TARGET = 15.0;
				MTL_ENABLE_DEBUG_INFO = NO;
				MTL_FAST_MATH = YES;
				SDKROOT = iphoneos;
				SWIFT_COMPILATION_MODE = wholemodule;
				SWIFT_OPTIMIZATION_LEVEL = "-O";
				VALIDATE_PRODUCT = YES;
				VERSIONING_SYSTEM = "apple-generic";
				VERSION_INFO_PREFIX = "";
			};
			name = Release;
		};
		68501B5027E8BA97005AE7A9 /* Debug */ = {
			isa = XCBuildConfiguration;
			buildSettings = {
				CODE_SIGN_STYLE = Automatic;
				CURRENT_PROJECT_VERSION = 1;
				DEFINES_MODULE = YES;
				DYLIB_COMPATIBILITY_VERSION = 1;
				DYLIB_CURRENT_VERSION = 1;
				DYLIB_INSTALL_NAME_BASE = "@rpath";
				GENERATE_INFOPLIST_FILE = YES;
				INFOPLIST_KEY_NSHumanReadableCopyright = "";
				INSTALL_PATH = "$(LOCAL_LIBRARY_DIR)/Frameworks";
				LD_RUNPATH_SEARCH_PATHS = (
					"$(inherited)",
					"@executable_path/Frameworks",
					"@loader_path/Frameworks",
				);
				MARKETING_VERSION = 1.0;
				PRODUCT_BUNDLE_IDENTIFIER = za.co.mmakosp.ShiftLibrary;
				PRODUCT_NAME = "$(TARGET_NAME:c99extidentifier)";
				SKIP_INSTALL = YES;
				SUPPORTS_MACCATALYST = NO;
				SWIFT_EMIT_LOC_STRINGS = YES;
				SWIFT_VERSION = 5.0;
				TARGETED_DEVICE_FAMILY = 1;
			};
			name = Debug;
		};
		68501B5127E8BA97005AE7A9 /* Release */ = {
			isa = XCBuildConfiguration;
			buildSettings = {
				CODE_SIGN_STYLE = Automatic;
				CURRENT_PROJECT_VERSION = 1;
				DEFINES_MODULE = YES;
				DYLIB_COMPATIBILITY_VERSION = 1;
				DYLIB_CURRENT_VERSION = 1;
				DYLIB_INSTALL_NAME_BASE = "@rpath";
				GENERATE_INFOPLIST_FILE = YES;
				INFOPLIST_KEY_NSHumanReadableCopyright = "";
				INSTALL_PATH = "$(LOCAL_LIBRARY_DIR)/Frameworks";
				LD_RUNPATH_SEARCH_PATHS = (
					"$(inherited)",
					"@executable_path/Frameworks",
					"@loader_path/Frameworks",
				);
				MARKETING_VERSION = 1.0;
				PRODUCT_BUNDLE_IDENTIFIER = za.co.mmakosp.ShiftLibrary;
				PRODUCT_NAME = "$(TARGET_NAME:c99extidentifier)";
				SKIP_INSTALL = YES;
				SUPPORTS_MACCATALYST = NO;
				SWIFT_EMIT_LOC_STRINGS = YES;
				SWIFT_VERSION = 5.0;
				TARGETED_DEVICE_FAMILY = 1;
			};
			name = Release;
		};
		68501B5327E8BA97005AE7A9 /* Debug */ = {
			isa = XCBuildConfiguration;
			buildSettings = {
				CODE_SIGN_STYLE = Automatic;
				CURRENT_PROJECT_VERSION = 1;
				GENERATE_INFOPLIST_FILE = YES;
				LD_RUNPATH_SEARCH_PATHS = (
					"$(inherited)",
					"@executable_path/Frameworks",
					"@loader_path/Frameworks",
				);
				MARKETING_VERSION = 1.0;
				PRODUCT_BUNDLE_IDENTIFIER = za.co.mmakosp.ShiftLibraryTests;
				PRODUCT_NAME = "$(TARGET_NAME)";
				SWIFT_EMIT_LOC_STRINGS = NO;
				SWIFT_VERSION = 5.0;
				TARGETED_DEVICE_FAMILY = "1,2";
			};
			name = Debug;
		};
		68501B5427E8BA97005AE7A9 /* Release */ = {
			isa = XCBuildConfiguration;
			buildSettings = {
				CODE_SIGN_STYLE = Automatic;
				CURRENT_PROJECT_VERSION = 1;
				GENERATE_INFOPLIST_FILE = YES;
				LD_RUNPATH_SEARCH_PATHS = (
					"$(inherited)",
					"@executable_path/Frameworks",
					"@loader_path/Frameworks",
				);
				MARKETING_VERSION = 1.0;
				PRODUCT_BUNDLE_IDENTIFIER = za.co.mmakosp.ShiftLibraryTests;
				PRODUCT_NAME = "$(TARGET_NAME)";
				SWIFT_EMIT_LOC_STRINGS = NO;
				SWIFT_VERSION = 5.0;
				TARGETED_DEVICE_FAMILY = "1,2";
			};
			name = Release;
		};
		68501B8227E8BB44005AE7A9 /* Debug */ = {
			isa = XCBuildConfiguration;
			buildSettings = {
				ASSETCATALOG_COMPILER_APPICON_NAME = AppIcon;
				ASSETCATALOG_COMPILER_GLOBAL_ACCENT_COLOR_NAME = AccentColor;
				CODE_SIGN_STYLE = Automatic;
				CURRENT_PROJECT_VERSION = 1;
				GENERATE_INFOPLIST_FILE = YES;
				INFOPLIST_FILE = ShiftLibraryExample/Info.plist;
				INFOPLIST_KEY_UIApplicationSupportsIndirectInputEvents = YES;
				INFOPLIST_KEY_UILaunchStoryboardName = LaunchScreen;
				INFOPLIST_KEY_UIMainStoryboardFile = Main;
				INFOPLIST_KEY_UISupportedInterfaceOrientations_iPad = "UIInterfaceOrientationPortrait UIInterfaceOrientationPortraitUpsideDown UIInterfaceOrientationLandscapeLeft UIInterfaceOrientationLandscapeRight";
				INFOPLIST_KEY_UISupportedInterfaceOrientations_iPhone = "UIInterfaceOrientationPortrait UIInterfaceOrientationLandscapeLeft UIInterfaceOrientationLandscapeRight";
				LD_RUNPATH_SEARCH_PATHS = (
					"$(inherited)",
					"@executable_path/Frameworks",
				);
				MARKETING_VERSION = 1.0;
				PRODUCT_BUNDLE_IDENTIFIER = za.co.mmakosp.ShiftLibraryExample;
				PRODUCT_NAME = "$(TARGET_NAME)";
				SWIFT_EMIT_LOC_STRINGS = YES;
				SWIFT_VERSION = 5.0;
				TARGETED_DEVICE_FAMILY = "1,2";
			};
			name = Debug;
		};
		68501B8327E8BB44005AE7A9 /* Release */ = {
			isa = XCBuildConfiguration;
			buildSettings = {
				ASSETCATALOG_COMPILER_APPICON_NAME = AppIcon;
				ASSETCATALOG_COMPILER_GLOBAL_ACCENT_COLOR_NAME = AccentColor;
				CODE_SIGN_STYLE = Automatic;
				CURRENT_PROJECT_VERSION = 1;
				GENERATE_INFOPLIST_FILE = YES;
				INFOPLIST_FILE = ShiftLibraryExample/Info.plist;
				INFOPLIST_KEY_UIApplicationSupportsIndirectInputEvents = YES;
				INFOPLIST_KEY_UILaunchStoryboardName = LaunchScreen;
				INFOPLIST_KEY_UIMainStoryboardFile = Main;
				INFOPLIST_KEY_UISupportedInterfaceOrientations_iPad = "UIInterfaceOrientationPortrait UIInterfaceOrientationPortraitUpsideDown UIInterfaceOrientationLandscapeLeft UIInterfaceOrientationLandscapeRight";
				INFOPLIST_KEY_UISupportedInterfaceOrientations_iPhone = "UIInterfaceOrientationPortrait UIInterfaceOrientationLandscapeLeft UIInterfaceOrientationLandscapeRight";
				LD_RUNPATH_SEARCH_PATHS = (
					"$(inherited)",
					"@executable_path/Frameworks",
				);
				MARKETING_VERSION = 1.0;
				PRODUCT_BUNDLE_IDENTIFIER = za.co.mmakosp.ShiftLibraryExample;
				PRODUCT_NAME = "$(TARGET_NAME)";
				SWIFT_EMIT_LOC_STRINGS = YES;
				SWIFT_VERSION = 5.0;
				TARGETED_DEVICE_FAMILY = "1,2";
			};
			name = Release;
		};
		68501B8527E8BB44005AE7A9 /* Debug */ = {
			isa = XCBuildConfiguration;
			buildSettings = {
				ALWAYS_EMBED_SWIFT_STANDARD_LIBRARIES = YES;
				BUNDLE_LOADER = "$(TEST_HOST)";
				CODE_SIGN_STYLE = Automatic;
				CURRENT_PROJECT_VERSION = 1;
				GENERATE_INFOPLIST_FILE = YES;
				IPHONEOS_DEPLOYMENT_TARGET = 15.0;
				LD_RUNPATH_SEARCH_PATHS = (
					"$(inherited)",
					"@executable_path/Frameworks",
					"@loader_path/Frameworks",
				);
				MARKETING_VERSION = 1.0;
				PRODUCT_BUNDLE_IDENTIFIER = za.co.mmakosp.ShiftLibraryExampleTests;
				PRODUCT_NAME = "$(TARGET_NAME)";
				SWIFT_EMIT_LOC_STRINGS = NO;
				SWIFT_VERSION = 5.0;
				TARGETED_DEVICE_FAMILY = "1,2";
				TEST_HOST = "$(BUILT_PRODUCTS_DIR)/ShiftLibraryExample.app/ShiftLibraryExample";
			};
			name = Debug;
		};
		68501B8627E8BB44005AE7A9 /* Release */ = {
			isa = XCBuildConfiguration;
			buildSettings = {
				ALWAYS_EMBED_SWIFT_STANDARD_LIBRARIES = YES;
				BUNDLE_LOADER = "$(TEST_HOST)";
				CODE_SIGN_STYLE = Automatic;
				CURRENT_PROJECT_VERSION = 1;
				GENERATE_INFOPLIST_FILE = YES;
				IPHONEOS_DEPLOYMENT_TARGET = 15.0;
				LD_RUNPATH_SEARCH_PATHS = (
					"$(inherited)",
					"@executable_path/Frameworks",
					"@loader_path/Frameworks",
				);
				MARKETING_VERSION = 1.0;
				PRODUCT_BUNDLE_IDENTIFIER = za.co.mmakosp.ShiftLibraryExampleTests;
				PRODUCT_NAME = "$(TARGET_NAME)";
				SWIFT_EMIT_LOC_STRINGS = NO;
				SWIFT_VERSION = 5.0;
				TARGETED_DEVICE_FAMILY = "1,2";
				TEST_HOST = "$(BUILT_PRODUCTS_DIR)/ShiftLibraryExample.app/ShiftLibraryExample";
			};
			name = Release;
		};
		68501B8827E8BB44005AE7A9 /* Debug */ = {
			isa = XCBuildConfiguration;
			buildSettings = {
				ALWAYS_EMBED_SWIFT_STANDARD_LIBRARIES = YES;
				CODE_SIGN_STYLE = Automatic;
				CURRENT_PROJECT_VERSION = 1;
				GENERATE_INFOPLIST_FILE = YES;
				LD_RUNPATH_SEARCH_PATHS = (
					"$(inherited)",
					"@executable_path/Frameworks",
					"@loader_path/Frameworks",
				);
				MARKETING_VERSION = 1.0;
				PRODUCT_BUNDLE_IDENTIFIER = za.co.mmakosp.ShiftLibraryExampleUITests;
				PRODUCT_NAME = "$(TARGET_NAME)";
				SWIFT_EMIT_LOC_STRINGS = NO;
				SWIFT_VERSION = 5.0;
				TARGETED_DEVICE_FAMILY = "1,2";
				TEST_TARGET_NAME = ShiftLibraryExample;
			};
			name = Debug;
		};
		68501B8927E8BB44005AE7A9 /* Release */ = {
			isa = XCBuildConfiguration;
			buildSettings = {
				ALWAYS_EMBED_SWIFT_STANDARD_LIBRARIES = YES;
				CODE_SIGN_STYLE = Automatic;
				CURRENT_PROJECT_VERSION = 1;
				GENERATE_INFOPLIST_FILE = YES;
				LD_RUNPATH_SEARCH_PATHS = (
					"$(inherited)",
					"@executable_path/Frameworks",
					"@loader_path/Frameworks",
				);
				MARKETING_VERSION = 1.0;
				PRODUCT_BUNDLE_IDENTIFIER = za.co.mmakosp.ShiftLibraryExampleUITests;
				PRODUCT_NAME = "$(TARGET_NAME)";
				SWIFT_EMIT_LOC_STRINGS = NO;
				SWIFT_VERSION = 5.0;
				TARGETED_DEVICE_FAMILY = "1,2";
				TEST_TARGET_NAME = ShiftLibraryExample;
			};
			name = Release;
		};
/* End XCBuildConfiguration section */

/* Begin XCConfigurationList section */
		68501B3527E8BA96005AE7A9 /* Build configuration list for PBXProject "ShiftLibrary" */ = {
			isa = XCConfigurationList;
			buildConfigurations = (
				68501B4D27E8BA97005AE7A9 /* Debug */,
				68501B4E27E8BA97005AE7A9 /* Release */,
			);
			defaultConfigurationIsVisible = 0;
			defaultConfigurationName = Release;
		};
		68501B4F27E8BA97005AE7A9 /* Build configuration list for PBXNativeTarget "ShiftLibrary" */ = {
			isa = XCConfigurationList;
			buildConfigurations = (
				68501B5027E8BA97005AE7A9 /* Debug */,
				68501B5127E8BA97005AE7A9 /* Release */,
			);
			defaultConfigurationIsVisible = 0;
			defaultConfigurationName = Release;
		};
		68501B5227E8BA97005AE7A9 /* Build configuration list for PBXNativeTarget "ShiftLibraryTests" */ = {
			isa = XCConfigurationList;
			buildConfigurations = (
				68501B5327E8BA97005AE7A9 /* Debug */,
				68501B5427E8BA97005AE7A9 /* Release */,
			);
			defaultConfigurationIsVisible = 0;
			defaultConfigurationName = Release;
		};
		68501B8127E8BB44005AE7A9 /* Build configuration list for PBXNativeTarget "ShiftLibraryExample" */ = {
			isa = XCConfigurationList;
			buildConfigurations = (
				68501B8227E8BB44005AE7A9 /* Debug */,
				68501B8327E8BB44005AE7A9 /* Release */,
			);
			defaultConfigurationIsVisible = 0;
			defaultConfigurationName = Release;
		};
		68501B8427E8BB44005AE7A9 /* Build configuration list for PBXNativeTarget "ShiftLibraryExampleTests" */ = {
			isa = XCConfigurationList;
			buildConfigurations = (
				68501B8527E8BB44005AE7A9 /* Debug */,
				68501B8627E8BB44005AE7A9 /* Release */,
			);
			defaultConfigurationIsVisible = 0;
			defaultConfigurationName = Release;
		};
		68501B8727E8BB44005AE7A9 /* Build configuration list for PBXNativeTarget "ShiftLibraryExampleUITests" */ = {
			isa = XCConfigurationList;
			buildConfigurations = (
				68501B8827E8BB44005AE7A9 /* Debug */,
				68501B8927E8BB44005AE7A9 /* Release */,
			);
			defaultConfigurationIsVisible = 0;
			defaultConfigurationName = Release;
		};
/* End XCConfigurationList section */
	};
	rootObject = 68501B3227E8BA96005AE7A9 /* Project object */;
}
